// !$*UTF8*$!
{
	archiveVersion = 1;
	classes = {
	};
	objectVersion = 46;
	objects = {

/* Begin PBXBuildFile section */
		2279CB841AB86E460009140F /* AppDelegate.swift in Sources */ = {isa = PBXBuildFile; fileRef = 2279CB831AB86E460009140F /* AppDelegate.swift */; };
		2279CB861AB86E460009140F /* MasterViewController.swift in Sources */ = {isa = PBXBuildFile; fileRef = 2279CB851AB86E460009140F /* MasterViewController.swift */; };
		2279CB881AB86E460009140F /* DetailViewController.swift in Sources */ = {isa = PBXBuildFile; fileRef = 2279CB871AB86E460009140F /* DetailViewController.swift */; };
		2279CB8B1AB86E460009140F /* Main.storyboard in Resources */ = {isa = PBXBuildFile; fileRef = 2279CB891AB86E460009140F /* Main.storyboard */; };
		2279CB8D1AB86E460009140F /* Images.xcassets in Resources */ = {isa = PBXBuildFile; fileRef = 2279CB8C1AB86E460009140F /* Images.xcassets */; };
		2279CB901AB86E460009140F /* LaunchScreen.xib in Resources */ = {isa = PBXBuildFile; fileRef = 2279CB8E1AB86E460009140F /* LaunchScreen.xib */; };
		2279CB9C1AB86E460009140F /* LevellingUpTests.swift in Sources */ = {isa = PBXBuildFile; fileRef = 2279CB9B1AB86E460009140F /* LevellingUpTests.swift */; };
		2279CBA71AB8CD3E0009140F /* AppComponents.swift in Sources */ = {isa = PBXBuildFile; fileRef = 2279CBA61AB8CD3E0009140F /* AppComponents.swift */; };
		2279CBAA1AB9CE1F0009140F /* NotificationAuthorisationViewController.swift in Sources */ = {isa = PBXBuildFile; fileRef = 2279CBA91AB9CE1F0009140F /* NotificationAuthorisationViewController.swift */; };
/* End PBXBuildFile section */

/* Begin PBXContainerItemProxy section */
		2279CB961AB86E460009140F /* PBXContainerItemProxy */ = {
			isa = PBXContainerItemProxy;
			containerPortal = 2279CB761AB86E460009140F /* Project object */;
			proxyType = 1;
			remoteGlobalIDString = 2279CB7D1AB86E460009140F;
			remoteInfo = LevellingUp;
		};
/* End PBXContainerItemProxy section */

/* Begin PBXFileReference section */
		2279CB7E1AB86E460009140F /* LevellingUp.app */ = {isa = PBXFileReference; explicitFileType = wrapper.application; includeInIndex = 0; path = LevellingUp.app; sourceTree = BUILT_PRODUCTS_DIR; };
		2279CB821AB86E460009140F /* Info.plist */ = {isa = PBXFileReference; lastKnownFileType = text.plist.xml; path = Info.plist; sourceTree = "<group>"; };
		2279CB831AB86E460009140F /* AppDelegate.swift */ = {isa = PBXFileReference; lastKnownFileType = sourcecode.swift; path = AppDelegate.swift; sourceTree = "<group>"; };
		2279CB851AB86E460009140F /* MasterViewController.swift */ = {isa = PBXFileReference; lastKnownFileType = sourcecode.swift; path = MasterViewController.swift; sourceTree = "<group>"; };
		2279CB871AB86E460009140F /* DetailViewController.swift */ = {isa = PBXFileReference; lastKnownFileType = sourcecode.swift; path = DetailViewController.swift; sourceTree = "<group>"; };
		2279CB8A1AB86E460009140F /* Base */ = {isa = PBXFileReference; lastKnownFileType = file.storyboard; name = Base; path = Base.lproj/Main.storyboard; sourceTree = "<group>"; };
		2279CB8C1AB86E460009140F /* Images.xcassets */ = {isa = PBXFileReference; lastKnownFileType = folder.assetcatalog; path = Images.xcassets; sourceTree = "<group>"; };
		2279CB8F1AB86E460009140F /* Base */ = {isa = PBXFileReference; lastKnownFileType = file.xib; name = Base; path = Base.lproj/LaunchScreen.xib; sourceTree = "<group>"; };
		2279CB951AB86E460009140F /* LevellingUpTests.xctest */ = {isa = PBXFileReference; explicitFileType = wrapper.cfbundle; includeInIndex = 0; path = LevellingUpTests.xctest; sourceTree = BUILT_PRODUCTS_DIR; };
		2279CB9A1AB86E460009140F /* Info.plist */ = {isa = PBXFileReference; lastKnownFileType = text.plist.xml; path = Info.plist; sourceTree = "<group>"; };
		2279CB9B1AB86E460009140F /* LevellingUpTests.swift */ = {isa = PBXFileReference; lastKnownFileType = sourcecode.swift; path = LevellingUpTests.swift; sourceTree = "<group>"; };
		2279CBA61AB8CD3E0009140F /* AppComponents.swift */ = {isa = PBXFileReference; fileEncoding = 4; lastKnownFileType = sourcecode.swift; path = AppComponents.swift; sourceTree = "<group>"; };
		2279CBA91AB9CE1F0009140F /* NotificationAuthorisationViewController.swift */ = {isa = PBXFileReference; fileEncoding = 4; lastKnownFileType = sourcecode.swift; path = NotificationAuthorisationViewController.swift; sourceTree = "<group>"; };
/* End PBXFileReference section */

/* Begin PBXFrameworksBuildPhase section */
		2279CB7B1AB86E460009140F /* Frameworks */ = {
			isa = PBXFrameworksBuildPhase;
			buildActionMask = 2147483647;
			files = (
			);
			runOnlyForDeploymentPostprocessing = 0;
		};
		2279CB921AB86E460009140F /* Frameworks */ = {
			isa = PBXFrameworksBuildPhase;
			buildActionMask = 2147483647;
			files = (
			);
			runOnlyForDeploymentPostprocessing = 0;
		};
/* End PBXFrameworksBuildPhase section */

/* Begin PBXGroup section */
		2279CB751AB86E460009140F = {
			isa = PBXGroup;
			children = (
				2279CB801AB86E460009140F /* LevellingUp */,
				2279CB981AB86E460009140F /* LevellingUpTests */,
				2279CB7F1AB86E460009140F /* Products */,
			);
			sourceTree = "<group>";
		};
		2279CB7F1AB86E460009140F /* Products */ = {
			isa = PBXGroup;
			children = (
				2279CB7E1AB86E460009140F /* LevellingUp.app */,
				2279CB951AB86E460009140F /* LevellingUpTests.xctest */,
			);
			name = Products;
			sourceTree = "<group>";
		};
		2279CB801AB86E460009140F /* LevellingUp */ = {
			isa = PBXGroup;
			children = (
				2279CBA81AB9CDF50009140F /* Fixes */,
				2279CBA51AB8CD070009140F /* Data */,
				2279CB831AB86E460009140F /* AppDelegate.swift */,
				2279CB851AB86E460009140F /* MasterViewController.swift */,
				2279CB871AB86E460009140F /* DetailViewController.swift */,
				2279CB891AB86E460009140F /* Main.storyboard */,
				2279CB8C1AB86E460009140F /* Images.xcassets */,
				2279CB8E1AB86E460009140F /* LaunchScreen.xib */,
				2279CB811AB86E460009140F /* Supporting Files */,
			);
			path = LevellingUp;
			sourceTree = "<group>";
		};
		2279CB811AB86E460009140F /* Supporting Files */ = {
			isa = PBXGroup;
			children = (
				2279CB821AB86E460009140F /* Info.plist */,
			);
			name = "Supporting Files";
			sourceTree = "<group>";
		};
		2279CB981AB86E460009140F /* LevellingUpTests */ = {
			isa = PBXGroup;
			children = (
				2279CB9B1AB86E460009140F /* LevellingUpTests.swift */,
				2279CB991AB86E460009140F /* Supporting Files */,
			);
			path = LevellingUpTests;
			sourceTree = "<group>";
		};
		2279CB991AB86E460009140F /* Supporting Files */ = {
			isa = PBXGroup;
			children = (
				2279CB9A1AB86E460009140F /* Info.plist */,
			);
			name = "Supporting Files";
			sourceTree = "<group>";
		};
		2279CBA51AB8CD070009140F /* Data */ = {
			isa = PBXGroup;
			children = (
				2279CBA61AB8CD3E0009140F /* AppComponents.swift */,
			);
			name = Data;
			sourceTree = "<group>";
		};
		2279CBA81AB9CDF50009140F /* Fixes */ = {
			isa = PBXGroup;
			children = (
				2279CBA91AB9CE1F0009140F /* NotificationAuthorisationViewController.swift */,
			);
			name = Fixes;
			sourceTree = "<group>";
		};
/* End PBXGroup section */

/* Begin PBXNativeTarget section */
		2279CB7D1AB86E460009140F /* LevellingUp */ = {
			isa = PBXNativeTarget;
			buildConfigurationList = 2279CB9F1AB86E460009140F /* Build configuration list for PBXNativeTarget "LevellingUp" */;
			buildPhases = (
				2279CB7A1AB86E460009140F /* Sources */,
				2279CB7B1AB86E460009140F /* Frameworks */,
				2279CB7C1AB86E460009140F /* Resources */,
			);
			buildRules = (
			);
			dependencies = (
			);
			name = LevellingUp;
			productName = LevellingUp;
			productReference = 2279CB7E1AB86E460009140F /* LevellingUp.app */;
			productType = "com.apple.product-type.application";
		};
		2279CB941AB86E460009140F /* LevellingUpTests */ = {
			isa = PBXNativeTarget;
			buildConfigurationList = 2279CBA21AB86E460009140F /* Build configuration list for PBXNativeTarget "LevellingUpTests" */;
			buildPhases = (
				2279CB911AB86E460009140F /* Sources */,
				2279CB921AB86E460009140F /* Frameworks */,
				2279CB931AB86E460009140F /* Resources */,
			);
			buildRules = (
			);
			dependencies = (
				2279CB971AB86E460009140F /* PBXTargetDependency */,
			);
			name = LevellingUpTests;
			productName = LevellingUpTests;
			productReference = 2279CB951AB86E460009140F /* LevellingUpTests.xctest */;
			productType = "com.apple.product-type.bundle.unit-test";
		};
/* End PBXNativeTarget section */

/* Begin PBXProject section */
		2279CB761AB86E460009140F /* Project object */ = {
			isa = PBXProject;
			attributes = {
				LastUpgradeCheck = 0630;
				ORGANIZATIONNAME = shinobicontrols;
				TargetAttributes = {
					2279CB7D1AB86E460009140F = {
						CreatedOnToolsVersion = 6.3;
					};
					2279CB941AB86E460009140F = {
						CreatedOnToolsVersion = 6.3;
						TestTargetID = 2279CB7D1AB86E460009140F;
					};
				};
			};
			buildConfigurationList = 2279CB791AB86E460009140F /* Build configuration list for PBXProject "LevellingUp" */;
			compatibilityVersion = "Xcode 3.2";
			developmentRegion = English;
			hasScannedForEncodings = 0;
			knownRegions = (
				en,
				Base,
			);
			mainGroup = 2279CB751AB86E460009140F;
			productRefGroup = 2279CB7F1AB86E460009140F /* Products */;
			projectDirPath = "";
			projectRoot = "";
			targets = (
				2279CB7D1AB86E460009140F /* LevellingUp */,
				2279CB941AB86E460009140F /* LevellingUpTests */,
			);
		};
/* End PBXProject section */

/* Begin PBXResourcesBuildPhase section */
		2279CB7C1AB86E460009140F /* Resources */ = {
			isa = PBXResourcesBuildPhase;
			buildActionMask = 2147483647;
			files = (
				2279CB8B1AB86E460009140F /* Main.storyboard in Resources */,
				2279CB901AB86E460009140F /* LaunchScreen.xib in Resources */,
				2279CB8D1AB86E460009140F /* Images.xcassets in Resources */,
			);
			runOnlyForDeploymentPostprocessing = 0;
		};
		2279CB931AB86E460009140F /* Resources */ = {
			isa = PBXResourcesBuildPhase;
			buildActionMask = 2147483647;
			files = (
			);
			runOnlyForDeploymentPostprocessing = 0;
		};
/* End PBXResourcesBuildPhase section */

/* Begin PBXSourcesBuildPhase section */
		2279CB7A1AB86E460009140F /* Sources */ = {
			isa = PBXSourcesBuildPhase;
			buildActionMask = 2147483647;
			files = (
				2279CB881AB86E460009140F /* DetailViewController.swift in Sources */,
				2279CBAA1AB9CE1F0009140F /* NotificationAuthorisationViewController.swift in Sources */,
				2279CBA71AB8CD3E0009140F /* AppComponents.swift in Sources */,
				2279CB861AB86E460009140F /* MasterViewController.swift in Sources */,
				2279CB841AB86E460009140F /* AppDelegate.swift in Sources */,
			);
			runOnlyForDeploymentPostprocessing = 0;
		};
		2279CB911AB86E460009140F /* Sources */ = {
			isa = PBXSourcesBuildPhase;
			buildActionMask = 2147483647;
			files = (
				2279CB9C1AB86E460009140F /* LevellingUpTests.swift in Sources */,
			);
			runOnlyForDeploymentPostprocessing = 0;
		};
/* End PBXSourcesBuildPhase section */

/* Begin PBXTargetDependency section */
		2279CB971AB86E460009140F /* PBXTargetDependency */ = {
			isa = PBXTargetDependency;
			target = 2279CB7D1AB86E460009140F /* LevellingUp */;
			targetProxy = 2279CB961AB86E460009140F /* PBXContainerItemProxy */;
		};
/* End PBXTargetDependency section */

/* Begin PBXVariantGroup section */
		2279CB891AB86E460009140F /* Main.storyboard */ = {
			isa = PBXVariantGroup;
			children = (
				2279CB8A1AB86E460009140F /* Base */,
			);
			name = Main.storyboard;
			sourceTree = "<group>";
		};
		2279CB8E1AB86E460009140F /* LaunchScreen.xib */ = {
			isa = PBXVariantGroup;
			children = (
				2279CB8F1AB86E460009140F /* Base */,
			);
			name = LaunchScreen.xib;
			sourceTree = "<group>";
		};
/* End PBXVariantGroup section */

/* Begin XCBuildConfiguration section */
		2279CB9D1AB86E460009140F /* Debug */ = {
			isa = XCBuildConfiguration;
			buildSettings = {
				ALWAYS_SEARCH_USER_PATHS = NO;
				CLANG_CXX_LANGUAGE_STANDARD = "gnu++0x";
				CLANG_CXX_LIBRARY = "libc++";
				CLANG_ENABLE_MODULES = YES;
				CLANG_ENABLE_OBJC_ARC = YES;
				CLANG_WARN_BOOL_CONVERSION = YES;
				CLANG_WARN_CONSTANT_CONVERSION = YES;
				CLANG_WARN_DIRECT_OBJC_ISA_USAGE = YES_ERROR;
				CLANG_WARN_EMPTY_BODY = YES;
				CLANG_WARN_ENUM_CONVERSION = YES;
				CLANG_WARN_INT_CONVERSION = YES;
				CLANG_WARN_OBJC_ROOT_CLASS = YES_ERROR;
				CLANG_WARN_UNREACHABLE_CODE = YES;
				CLANG_WARN__DUPLICATE_METHOD_MATCH = YES;
				"CODE_SIGN_IDENTITY[sdk=iphoneos*]" = "iPhone Developer";
				COPY_PHASE_STRIP = NO;
				DEBUG_INFORMATION_FORMAT = "dwarf-with-dsym";
				ENABLE_STRICT_OBJC_MSGSEND = YES;
				GCC_C_LANGUAGE_STANDARD = gnu99;
				GCC_DYNAMIC_NO_PIC = NO;
				GCC_NO_COMMON_BLOCKS = YES;
				GCC_OPTIMIZATION_LEVEL = 0;
				GCC_PREPROCESSOR_DEFINITIONS = (
					"DEBUG=1",
					"$(inherited)",
				);
				GCC_SYMBOLS_PRIVATE_EXTERN = NO;
				GCC_WARN_64_TO_32_BIT_CONVERSION = YES;
				GCC_WARN_ABOUT_RETURN_TYPE = YES_ERROR;
				GCC_WARN_UNDECLARED_SELECTOR = YES;
				GCC_WARN_UNINITIALIZED_AUTOS = YES_AGGRESSIVE;
				GCC_WARN_UNUSED_FUNCTION = YES;
				GCC_WARN_UNUSED_VARIABLE = YES;
				IPHONEOS_DEPLOYMENT_TARGET = 8.3;
				MTL_ENABLE_DEBUG_INFO = YES;
				ONLY_ACTIVE_ARCH = YES;
				SDKROOT = iphoneos;
				SWIFT_OPTIMIZATION_LEVEL = "-Onone";
				TARGETED_DEVICE_FAMILY = "1,2";
			};
			name = Debug;
		};
		2279CB9E1AB86E460009140F /* Release */ = {
			isa = XCBuildConfiguration;
			buildSettings = {
				ALWAYS_SEARCH_USER_PATHS = NO;
				CLANG_CXX_LANGUAGE_STANDARD = "gnu++0x";
				CLANG_CXX_LIBRARY = "libc++";
				CLANG_ENABLE_MODULES = YES;
				CLANG_ENABLE_OBJC_ARC = YES;
				CLANG_WARN_BOOL_CONVERSION = YES;
				CLANG_WARN_CONSTANT_CONVERSION = YES;
				CLANG_WARN_DIRECT_OBJC_ISA_USAGE = YES_ERROR;
				CLANG_WARN_EMPTY_BODY = YES;
				CLANG_WARN_ENUM_CONVERSION = YES;
				CLANG_WARN_INT_CONVERSION = YES;
				CLANG_WARN_OBJC_ROOT_CLASS = YES_ERROR;
				CLANG_WARN_UNREACHABLE_CODE = YES;
				CLANG_WARN__DUPLICATE_METHOD_MATCH = YES;
				"CODE_SIGN_IDENTITY[sdk=iphoneos*]" = "iPhone Developer";
				COPY_PHASE_STRIP = NO;
				DEBUG_INFORMATION_FORMAT = "dwarf-with-dsym";
				ENABLE_NS_ASSERTIONS = NO;
				ENABLE_STRICT_OBJC_MSGSEND = YES;
				GCC_C_LANGUAGE_STANDARD = gnu99;
				GCC_NO_COMMON_BLOCKS = YES;
				GCC_WARN_64_TO_32_BIT_CONVERSION = YES;
				GCC_WARN_ABOUT_RETURN_TYPE = YES_ERROR;
				GCC_WARN_UNDECLARED_SELECTOR = YES;
				GCC_WARN_UNINITIALIZED_AUTOS = YES_AGGRESSIVE;
				GCC_WARN_UNUSED_FUNCTION = YES;
				GCC_WARN_UNUSED_VARIABLE = YES;
				IPHONEOS_DEPLOYMENT_TARGET = 8.3;
				MTL_ENABLE_DEBUG_INFO = NO;
				SDKROOT = iphoneos;
				TARGETED_DEVICE_FAMILY = "1,2";
				VALIDATE_PRODUCT = YES;
			};
			name = Release;
		};
		2279CBA01AB86E460009140F /* Debug */ = {
			isa = XCBuildConfiguration;
			buildSettings = {
				ASSETCATALOG_COMPILER_APPICON_NAME = AppIcon;
				INFOPLIST_FILE = LevellingUp/Info.plist;
				LD_RUNPATH_SEARCH_PATHS = "$(inherited) @executable_path/Frameworks";
				PRODUCT_NAME = "$(TARGET_NAME)";
			};
			name = Debug;
		};
		2279CBA11AB86E460009140F /* Release */ = {
			isa = XCBuildConfiguration;
			buildSettings = {
				ASSETCATALOG_COMPILER_APPICON_NAME = AppIcon;
				INFOPLIST_FILE = LevellingUp/Info.plist;
				LD_RUNPATH_SEARCH_PATHS = "$(inherited) @executable_path/Frameworks";
				PRODUCT_NAME = "$(TARGET_NAME)";
			};
			name = Release;
		};
		2279CBA31AB86E460009140F /* Debug */ = {
			isa = XCBuildConfiguration;
			buildSettings = {
				BUNDLE_LOADER = "$(TEST_HOST)";
				FRAMEWORK_SEARCH_PATHS = (
					"$(SDKROOT)/Developer/Library/Frameworks",
					"$(inherited)",
				);
				GCC_PREPROCESSOR_DEFINITIONS = (
					"DEBUG=1",
					"$(inherited)",
				);
				INFOPLIST_FILE = LevellingUpTests/Info.plist;
				LD_RUNPATH_SEARCH_PATHS = "$(inherited) @executable_path/Frameworks @loader_path/Frameworks";
				PRODUCT_NAME = "$(TARGET_NAME)";
				TEST_HOST = "$(BUILT_PRODUCTS_DIR)/LevellingUp.app/LevellingUp";
			};
			name = Debug;
		};
		2279CBA41AB86E460009140F /* Release */ = {
			isa = XCBuildConfiguration;
			buildSettings = {
				BUNDLE_LOADER = "$(TEST_HOST)";
				FRAMEWORK_SEARCH_PATHS = (
					"$(SDKROOT)/Developer/Library/Frameworks",
					"$(inherited)",
				);
				INFOPLIST_FILE = LevellingUpTests/Info.plist;
				LD_RUNPATH_SEARCH_PATHS = "$(inherited) @executable_path/Frameworks @loader_path/Frameworks";
				PRODUCT_NAME = "$(TARGET_NAME)";
				TEST_HOST = "$(BUILT_PRODUCTS_DIR)/LevellingUp.app/LevellingUp";
			};
			name = Release;
		};
/* End XCBuildConfiguration section */

/* Begin XCConfigurationList section */
		2279CB791AB86E460009140F /* Build configuration list for PBXProject "LevellingUp" */ = {
			isa = XCConfigurationList;
			buildConfigurations = (
				2279CB9D1AB86E460009140F /* Debug */,
				2279CB9E1AB86E460009140F /* Release */,
			);
			defaultConfigurationIsVisible = 0;
			defaultConfigurationName = Release;
		};
		2279CB9F1AB86E460009140F /* Build configuration list for PBXNativeTarget "LevellingUp" */ = {
			isa = XCConfigurationList;
			buildConfigurations = (
				2279CBA01AB86E460009140F /* Debug */,
				2279CBA11AB86E460009140F /* Release */,
			);
			defaultConfigurationIsVisible = 0;
		};
		2279CBA21AB86E460009140F /* Build configuration list for PBXNativeTarget "LevellingUpTests" */ = {
			isa = XCConfigurationList;
			buildConfigurations = (
				2279CBA31AB86E460009140F /* Debug */,
				2279CBA41AB86E460009140F /* Release */,
			);
			defaultConfigurationIsVisible = 0;
		};
/* End XCConfigurationList section */
	};
	rootObject = 2279CB761AB86E460009140F /* Project object */;
}
